// !$*UTF8*$!
{
	archiveVersion = 1;
	classes = {
	};
	objectVersion = 46;
	objects = {

/* Begin PBXBuildFile section */
		62246D259DCBEDBDDB6D2A12 /* Pods.framework in Frameworks */ = {isa = PBXBuildFile; fileRef = B4ABA285C2C5B782DDC6701D /* Pods.framework */; settings = {ATTRIBUTES = (Weak, ); }; };
		A8237BD71B88700F00ED8BA1 /* NetworkIndicator.swift in Sources */ = {isa = PBXBuildFile; fileRef = A8237BD61B88700F00ED8BA1 /* NetworkIndicator.swift */; };
		A87F47001B820E9100A71E82 /* AppDelegate.swift in Sources */ = {isa = PBXBuildFile; fileRef = A87F46FF1B820E9100A71E82 /* AppDelegate.swift */; };
		A87F47071B820E9100A71E82 /* Images.xcassets in Resources */ = {isa = PBXBuildFile; fileRef = A87F47061B820E9100A71E82 /* Images.xcassets */; };
		A87F470A1B820E9100A71E82 /* LaunchScreen.xib in Resources */ = {isa = PBXBuildFile; fileRef = A87F47081B820E9100A71E82 /* LaunchScreen.xib */; };
		A87F47161B820E9100A71E82 /* DubbidsonTests.swift in Sources */ = {isa = PBXBuildFile; fileRef = A87F47151B820E9100A71E82 /* DubbidsonTests.swift */; };
		A87F47271B82125300A71E82 /* FiltersViewController.swift in Sources */ = {isa = PBXBuildFile; fileRef = A87F47241B82125300A71E82 /* FiltersViewController.swift */; };
		A87F47281B82125300A71E82 /* RecordViewController.swift in Sources */ = {isa = PBXBuildFile; fileRef = A87F47251B82125300A71E82 /* RecordViewController.swift */; };
		A87F47291B82125300A71E82 /* SongsViewController.swift in Sources */ = {isa = PBXBuildFile; fileRef = A87F47261B82125300A71E82 /* SongsViewController.swift */; };
		A87F472D1B82126400A71E82 /* FiltersView.swift in Sources */ = {isa = PBXBuildFile; fileRef = A87F472A1B82126400A71E82 /* FiltersView.swift */; };
		A87F472E1B82126400A71E82 /* FilterView.swift in Sources */ = {isa = PBXBuildFile; fileRef = A87F472B1B82126400A71E82 /* FilterView.swift */; };
		A87F472F1B82126400A71E82 /* SongView.swift in Sources */ = {isa = PBXBuildFile; fileRef = A87F472C1B82126400A71E82 /* SongView.swift */; };
		A87F47351B8212A700A71E82 /* Downloader.swift in Sources */ = {isa = PBXBuildFile; fileRef = A87F47331B8212A700A71E82 /* Downloader.swift */; };
		A87F47361B8212A700A71E82 /* FileIO.swift in Sources */ = {isa = PBXBuildFile; fileRef = A87F47341B8212A700A71E82 /* FileIO.swift */; };
		A87F473D1B8212BB00A71E82 /* iTunesAPI.swift in Sources */ = {isa = PBXBuildFile; fileRef = A87F47391B8212BB00A71E82 /* iTunesAPI.swift */; };
		A87F473E1B8212BB00A71E82 /* Mixer.swift in Sources */ = {isa = PBXBuildFile; fileRef = A87F473A1B8212BB00A71E82 /* Mixer.swift */; };
		A87F47401B8212C400A71E82 /* Video.swift in Sources */ = {isa = PBXBuildFile; fileRef = A87F473F1B8212C400A71E82 /* Video.swift */; };
		A87F47461B82130D00A71E82 /* lookup_amatorka.png in Resources */ = {isa = PBXBuildFile; fileRef = A87F47411B82130D00A71E82 /* lookup_amatorka.png */; };
		A87F47471B82130D00A71E82 /* lookup_miss_etikate.png in Resources */ = {isa = PBXBuildFile; fileRef = A87F47421B82130D00A71E82 /* lookup_miss_etikate.png */; };
		A87F47481B82130D00A71E82 /* lookup_soft_elegance_1.png in Resources */ = {isa = PBXBuildFile; fileRef = A87F47431B82130D00A71E82 /* lookup_soft_elegance_1.png */; };
		A87F47491B82130D00A71E82 /* lookup_soft_elegance_2.png in Resources */ = {isa = PBXBuildFile; fileRef = A87F47441B82130D00A71E82 /* lookup_soft_elegance_2.png */; };
		A87F474A1B82130D00A71E82 /* lookup.png in Resources */ = {isa = PBXBuildFile; fileRef = A87F47451B82130D00A71E82 /* lookup.png */; };
		A87F474E1B82137700A71E82 /* AudioPlayer.swift in Sources */ = {isa = PBXBuildFile; fileRef = A87F474C1B82137700A71E82 /* AudioPlayer.swift */; };
		A87F474F1B82137700A71E82 /* Camera.swift in Sources */ = {isa = PBXBuildFile; fileRef = A87F474D1B82137700A71E82 /* Camera.swift */; };
		A87F47511B822B4000A71E82 /* VideoViewController.swift in Sources */ = {isa = PBXBuildFile; fileRef = A87F47501B822B4000A71E82 /* VideoViewController.swift */; };
		A87F47531B8232DE00A71E82 /* VideoPlayer.swift in Sources */ = {isa = PBXBuildFile; fileRef = A87F47521B8232DE00A71E82 /* VideoPlayer.swift */; };
		A87F47561B8236F600A71E82 /* R.generated.swift in Sources */ = {isa = PBXBuildFile; fileRef = A87F47551B8236F600A71E82 /* R.generated.swift */; };
		A87F47581B824D7300A71E82 /* VideosViewController.swift in Sources */ = {isa = PBXBuildFile; fileRef = A87F47571B824D7300A71E82 /* VideosViewController.swift */; };
		A88916A41B91EA620065E1D2 /* SuggestionsViewController.swift in Sources */ = {isa = PBXBuildFile; fileRef = A88916A31B91EA620065E1D2 /* SuggestionsViewController.swift */; };
		A8895F801B8E1A3F00AFC153 /* AudioFile.swift in Sources */ = {isa = PBXBuildFile; fileRef = A8895F7F1B8E1A3F00AFC153 /* AudioFile.swift */; };
		A8895F861B8F6B7E00AFC153 /* texgyreadventor-bold.otf in Resources */ = {isa = PBXBuildFile; fileRef = A8895F821B8F6B3C00AFC153 /* texgyreadventor-bold.otf */; };
		A8895F871B8F6B7E00AFC153 /* texgyreadventor-bolditalic.otf in Resources */ = {isa = PBXBuildFile; fileRef = A8895F831B8F6B3C00AFC153 /* texgyreadventor-bolditalic.otf */; };
		A8895F881B8F6B7E00AFC153 /* texgyreadventor-italic.otf in Resources */ = {isa = PBXBuildFile; fileRef = A8895F841B8F6B3C00AFC153 /* texgyreadventor-italic.otf */; };
		A8895F891B8F6B7E00AFC153 /* texgyreadventor-regular.otf in Resources */ = {isa = PBXBuildFile; fileRef = A8895F851B8F6B3C00AFC153 /* texgyreadventor-regular.otf */; };
		A8906B931B95DF1000E31244 /* NSError+.swift in Sources */ = {isa = PBXBuildFile; fileRef = A8906B921B95DF1000E31244 /* NSError+.swift */; };
		A8AE79E31B92162A009D337E /* Notificator.swift in Sources */ = {isa = PBXBuildFile; fileRef = A8AE79E21B92162A009D337E /* Notificator.swift */; };
		A8C07C451B83812200CB244A /* Main.storyboard in Resources */ = {isa = PBXBuildFile; fileRef = A8C07C441B83812200CB244A /* Main.storyboard */; };
		A8C07C4B1B84D9AD00CB244A /* Filter.swift in Sources */ = {isa = PBXBuildFile; fileRef = A8C07C4A1B84D9AD00CB244A /* Filter.swift */; };
		A8E7CF651B91B9F700A14374 /* GoogleAPI.swift in Sources */ = {isa = PBXBuildFile; fileRef = A8E7CF641B91B9F700A14374 /* GoogleAPI.swift */; };
		A8F9C8011B88E34400A8244C /* Error.swift in Sources */ = {isa = PBXBuildFile; fileRef = A8F9C8001B88E34400A8244C /* Error.swift */; };
/* End PBXBuildFile section */

/* Begin PBXContainerItemProxy section */
		A87F47101B820E9100A71E82 /* PBXContainerItemProxy */ = {
			isa = PBXContainerItemProxy;
			containerPortal = A87F46F21B820E9100A71E82 /* Project object */;
			proxyType = 1;
			remoteGlobalIDString = A87F46F91B820E9100A71E82;
			remoteInfo = Dubbidson;
		};
/* End PBXContainerItemProxy section */

/* Begin PBXFileReference section */
		4AF7E5E89765120C201C4C07 /* Pods.debug.xcconfig */ = {isa = PBXFileReference; includeInIndex = 1; lastKnownFileType = text.xcconfig; name = Pods.debug.xcconfig; path = "Pods/Target Support Files/Pods/Pods.debug.xcconfig"; sourceTree = "<group>"; };
		A8237BD61B88700F00ED8BA1 /* NetworkIndicator.swift */ = {isa = PBXFileReference; fileEncoding = 4; lastKnownFileType = sourcecode.swift; path = NetworkIndicator.swift; sourceTree = "<group>"; };
		A87F46FA1B820E9100A71E82 /* Dubbidson.app */ = {isa = PBXFileReference; explicitFileType = wrapper.application; includeInIndex = 0; path = Dubbidson.app; sourceTree = BUILT_PRODUCTS_DIR; };
		A87F46FE1B820E9100A71E82 /* Info.plist */ = {isa = PBXFileReference; lastKnownFileType = text.plist.xml; path = Info.plist; sourceTree = "<group>"; };
		A87F46FF1B820E9100A71E82 /* AppDelegate.swift */ = {isa = PBXFileReference; lastKnownFileType = sourcecode.swift; path = AppDelegate.swift; sourceTree = "<group>"; };
		A87F47061B820E9100A71E82 /* Images.xcassets */ = {isa = PBXFileReference; lastKnownFileType = folder.assetcatalog; path = Images.xcassets; sourceTree = "<group>"; };
		A87F47091B820E9100A71E82 /* Base */ = {isa = PBXFileReference; lastKnownFileType = file.xib; name = Base; path = Base.lproj/LaunchScreen.xib; sourceTree = "<group>"; };
		A87F470F1B820E9100A71E82 /* DubbidsonTests.xctest */ = {isa = PBXFileReference; explicitFileType = wrapper.cfbundle; includeInIndex = 0; path = DubbidsonTests.xctest; sourceTree = BUILT_PRODUCTS_DIR; };
		A87F47141B820E9100A71E82 /* Info.plist */ = {isa = PBXFileReference; lastKnownFileType = text.plist.xml; path = Info.plist; sourceTree = "<group>"; };
		A87F47151B820E9100A71E82 /* DubbidsonTests.swift */ = {isa = PBXFileReference; lastKnownFileType = sourcecode.swift; path = DubbidsonTests.swift; sourceTree = "<group>"; };
		A87F47241B82125300A71E82 /* FiltersViewController.swift */ = {isa = PBXFileReference; fileEncoding = 4; lastKnownFileType = sourcecode.swift; path = FiltersViewController.swift; sourceTree = "<group>"; };
		A87F47251B82125300A71E82 /* RecordViewController.swift */ = {isa = PBXFileReference; fileEncoding = 4; lastKnownFileType = sourcecode.swift; path = RecordViewController.swift; sourceTree = "<group>"; };
		A87F47261B82125300A71E82 /* SongsViewController.swift */ = {isa = PBXFileReference; fileEncoding = 4; lastKnownFileType = sourcecode.swift; path = SongsViewController.swift; sourceTree = "<group>"; };
		A87F472A1B82126400A71E82 /* FiltersView.swift */ = {isa = PBXFileReference; fileEncoding = 4; lastKnownFileType = sourcecode.swift; path = FiltersView.swift; sourceTree = "<group>"; };
		A87F472B1B82126400A71E82 /* FilterView.swift */ = {isa = PBXFileReference; fileEncoding = 4; lastKnownFileType = sourcecode.swift; path = FilterView.swift; sourceTree = "<group>"; };
		A87F472C1B82126400A71E82 /* SongView.swift */ = {isa = PBXFileReference; fileEncoding = 4; lastKnownFileType = sourcecode.swift; path = SongView.swift; sourceTree = "<group>"; };
		A87F47331B8212A700A71E82 /* Downloader.swift */ = {isa = PBXFileReference; fileEncoding = 4; lastKnownFileType = sourcecode.swift; path = Downloader.swift; sourceTree = "<group>"; };
		A87F47341B8212A700A71E82 /* FileIO.swift */ = {isa = PBXFileReference; fileEncoding = 4; lastKnownFileType = sourcecode.swift; path = FileIO.swift; sourceTree = "<group>"; };
		A87F47391B8212BB00A71E82 /* iTunesAPI.swift */ = {isa = PBXFileReference; fileEncoding = 4; lastKnownFileType = sourcecode.swift; path = iTunesAPI.swift; sourceTree = "<group>"; };
		A87F473A1B8212BB00A71E82 /* Mixer.swift */ = {isa = PBXFileReference; fileEncoding = 4; lastKnownFileType = sourcecode.swift; path = Mixer.swift; sourceTree = "<group>"; };
		A87F473F1B8212C400A71E82 /* Video.swift */ = {isa = PBXFileReference; fileEncoding = 4; lastKnownFileType = sourcecode.swift; path = Video.swift; sourceTree = "<group>"; };
		A87F47411B82130D00A71E82 /* lookup_amatorka.png */ = {isa = PBXFileReference; lastKnownFileType = image.png; path = lookup_amatorka.png; sourceTree = "<group>"; };
		A87F47421B82130D00A71E82 /* lookup_miss_etikate.png */ = {isa = PBXFileReference; lastKnownFileType = image.png; path = lookup_miss_etikate.png; sourceTree = "<group>"; };
		A87F47431B82130D00A71E82 /* lookup_soft_elegance_1.png */ = {isa = PBXFileReference; lastKnownFileType = image.png; path = lookup_soft_elegance_1.png; sourceTree = "<group>"; };
		A87F47441B82130D00A71E82 /* lookup_soft_elegance_2.png */ = {isa = PBXFileReference; lastKnownFileType = image.png; path = lookup_soft_elegance_2.png; sourceTree = "<group>"; };
		A87F47451B82130D00A71E82 /* lookup.png */ = {isa = PBXFileReference; lastKnownFileType = image.png; path = lookup.png; sourceTree = "<group>"; };
		A87F474C1B82137700A71E82 /* AudioPlayer.swift */ = {isa = PBXFileReference; fileEncoding = 4; lastKnownFileType = sourcecode.swift; path = AudioPlayer.swift; sourceTree = "<group>"; };
		A87F474D1B82137700A71E82 /* Camera.swift */ = {isa = PBXFileReference; fileEncoding = 4; lastKnownFileType = sourcecode.swift; path = Camera.swift; sourceTree = "<group>"; };
		A87F47501B822B4000A71E82 /* VideoViewController.swift */ = {isa = PBXFileReference; fileEncoding = 4; lastKnownFileType = sourcecode.swift; path = VideoViewController.swift; sourceTree = "<group>"; };
		A87F47521B8232DE00A71E82 /* VideoPlayer.swift */ = {isa = PBXFileReference; fileEncoding = 4; lastKnownFileType = sourcecode.swift; path = VideoPlayer.swift; sourceTree = "<group>"; };
		A87F47551B8236F600A71E82 /* R.generated.swift */ = {isa = PBXFileReference; fileEncoding = 4; lastKnownFileType = sourcecode.swift; path = R.generated.swift; sourceTree = "<group>"; };
		A87F47571B824D7300A71E82 /* VideosViewController.swift */ = {isa = PBXFileReference; fileEncoding = 4; lastKnownFileType = sourcecode.swift; path = VideosViewController.swift; sourceTree = "<group>"; };
		A88916A31B91EA620065E1D2 /* SuggestionsViewController.swift */ = {isa = PBXFileReference; fileEncoding = 4; lastKnownFileType = sourcecode.swift; path = SuggestionsViewController.swift; sourceTree = "<group>"; };
		A8895F7F1B8E1A3F00AFC153 /* AudioFile.swift */ = {isa = PBXFileReference; fileEncoding = 4; lastKnownFileType = sourcecode.swift; path = AudioFile.swift; sourceTree = "<group>"; };
		A8895F821B8F6B3C00AFC153 /* texgyreadventor-bold.otf */ = {isa = PBXFileReference; lastKnownFileType = file; path = "texgyreadventor-bold.otf"; sourceTree = "<group>"; };
		A8895F831B8F6B3C00AFC153 /* texgyreadventor-bolditalic.otf */ = {isa = PBXFileReference; lastKnownFileType = file; path = "texgyreadventor-bolditalic.otf"; sourceTree = "<group>"; };
		A8895F841B8F6B3C00AFC153 /* texgyreadventor-italic.otf */ = {isa = PBXFileReference; lastKnownFileType = file; path = "texgyreadventor-italic.otf"; sourceTree = "<group>"; };
		A8895F851B8F6B3C00AFC153 /* texgyreadventor-regular.otf */ = {isa = PBXFileReference; lastKnownFileType = file; path = "texgyreadventor-regular.otf"; sourceTree = "<group>"; };
		A8906B921B95DF1000E31244 /* NSError+.swift */ = {isa = PBXFileReference; fileEncoding = 4; lastKnownFileType = sourcecode.swift; path = "NSError+.swift"; sourceTree = "<group>"; };
		A8AE79E21B92162A009D337E /* Notificator.swift */ = {isa = PBXFileReference; fileEncoding = 4; lastKnownFileType = sourcecode.swift; path = Notificator.swift; sourceTree = "<group>"; };
		A8C07C441B83812200CB244A /* Main.storyboard */ = {isa = PBXFileReference; fileEncoding = 4; lastKnownFileType = file.storyboard; path = Main.storyboard; sourceTree = "<group>"; };
		A8C07C4A1B84D9AD00CB244A /* Filter.swift */ = {isa = PBXFileReference; fileEncoding = 4; lastKnownFileType = sourcecode.swift; path = Filter.swift; sourceTree = "<group>"; };
		A8E7CF641B91B9F700A14374 /* GoogleAPI.swift */ = {isa = PBXFileReference; fileEncoding = 4; lastKnownFileType = sourcecode.swift; path = GoogleAPI.swift; sourceTree = "<group>"; };
		A8F9C8001B88E34400A8244C /* Error.swift */ = {isa = PBXFileReference; fileEncoding = 4; lastKnownFileType = sourcecode.swift; path = Error.swift; sourceTree = "<group>"; };
		B4ABA285C2C5B782DDC6701D /* Pods.framework */ = {isa = PBXFileReference; explicitFileType = wrapper.framework; includeInIndex = 0; path = Pods.framework; sourceTree = BUILT_PRODUCTS_DIR; };
		F6335BED45FD80631594E4CB /* Pods.release.xcconfig */ = {isa = PBXFileReference; includeInIndex = 1; lastKnownFileType = text.xcconfig; name = Pods.release.xcconfig; path = "Pods/Target Support Files/Pods/Pods.release.xcconfig"; sourceTree = "<group>"; };
/* End PBXFileReference section */

/* Begin PBXFrameworksBuildPhase section */
		A87F46F71B820E9100A71E82 /* Frameworks */ = {
			isa = PBXFrameworksBuildPhase;
			buildActionMask = 2147483647;
			files = (
				62246D259DCBEDBDDB6D2A12 /* Pods.framework in Frameworks */,
			);
			runOnlyForDeploymentPostprocessing = 0;
		};
		A87F470C1B820E9100A71E82 /* Frameworks */ = {
			isa = PBXFrameworksBuildPhase;
			buildActionMask = 2147483647;
			files = (
			);
			runOnlyForDeploymentPostprocessing = 0;
		};
/* End PBXFrameworksBuildPhase section */

/* Begin PBXGroup section */
		00CB7DD33FFD7A1B1154EB3D /* Frameworks */ = {
			isa = PBXGroup;
			children = (
				B4ABA285C2C5B782DDC6701D /* Pods.framework */,
			);
			name = Frameworks;
			sourceTree = "<group>";
		};
		A623F29F6C117ACCE7DBAA84 /* Pods */ = {
			isa = PBXGroup;
			children = (
				4AF7E5E89765120C201C4C07 /* Pods.debug.xcconfig */,
				F6335BED45FD80631594E4CB /* Pods.release.xcconfig */,
			);
			name = Pods;
			sourceTree = "<group>";
		};
		A87F46F11B820E9100A71E82 = {
			isa = PBXGroup;
			children = (
				A87F46FC1B820E9100A71E82 /* Dubbidson */,
				A87F47121B820E9100A71E82 /* DubbidsonTests */,
				A87F46FB1B820E9100A71E82 /* Products */,
				A623F29F6C117ACCE7DBAA84 /* Pods */,
				00CB7DD33FFD7A1B1154EB3D /* Frameworks */,
			);
			sourceTree = "<group>";
		};
		A87F46FB1B820E9100A71E82 /* Products */ = {
			isa = PBXGroup;
			children = (
				A87F46FA1B820E9100A71E82 /* Dubbidson.app */,
				A87F470F1B820E9100A71E82 /* DubbidsonTests.xctest */,
			);
			name = Products;
			sourceTree = "<group>";
		};
		A87F46FC1B820E9100A71E82 /* Dubbidson */ = {
			isa = PBXGroup;
			children = (
				A87F471F1B8211D800A71E82 /* Classes */,
				A87F47201B8211DD00A71E82 /* Resources */,
			);
			path = Dubbidson;
			sourceTree = "<group>";
		};
		A87F46FD1B820E9100A71E82 /* Supporting Files */ = {
			isa = PBXGroup;
			children = (
				A87F46FE1B820E9100A71E82 /* Info.plist */,
			);
			name = "Supporting Files";
			sourceTree = "<group>";
		};
		A87F47121B820E9100A71E82 /* DubbidsonTests */ = {
			isa = PBXGroup;
			children = (
				A87F47151B820E9100A71E82 /* DubbidsonTests.swift */,
				A87F47131B820E9100A71E82 /* Supporting Files */,
			);
			path = DubbidsonTests;
			sourceTree = "<group>";
		};
		A87F47131B820E9100A71E82 /* Supporting Files */ = {
			isa = PBXGroup;
			children = (
				A87F47141B820E9100A71E82 /* Info.plist */,
			);
			name = "Supporting Files";
			sourceTree = "<group>";
		};
		A87F471F1B8211D800A71E82 /* Classes */ = {
			isa = PBXGroup;
			children = (
				A87F46FF1B820E9100A71E82 /* AppDelegate.swift */,
				A87F47211B8211F200A71E82 /* View Controllers */,
				A87F47221B8211F800A71E82 /* Views */,
				A87F47231B8211FD00A71E82 /* Models */,
				A87F47301B82126E00A71E82 /* DB */,
				A87F47311B82127100A71E82 /* AV */,
				A8E7CF631B91B9E400A14374 /* API */,
				A87F47321B82129100A71E82 /* Utils */,
				A8906B911B95DEF700E31244 /* Extensions */,
			);
			name = Classes;
			sourceTree = "<group>";
		};
		A87F47201B8211DD00A71E82 /* Resources */ = {
			isa = PBXGroup;
			children = (
				A8895F811B8F6B2C00AFC153 /* Fonts */,
				A87F474B1B82131200A71E82 /* Filter Images */,
				A8C07C441B83812200CB244A /* Main.storyboard */,
				A87F47061B820E9100A71E82 /* Images.xcassets */,
				A87F47081B820E9100A71E82 /* LaunchScreen.xib */,
				A87F46FD1B820E9100A71E82 /* Supporting Files */,
			);
			name = Resources;
			sourceTree = "<group>";
		};
		A87F47211B8211F200A71E82 /* View Controllers */ = {
			isa = PBXGroup;
			children = (
				A87F47251B82125300A71E82 /* RecordViewController.swift */,
				A87F47261B82125300A71E82 /* SongsViewController.swift */,
				A87F47241B82125300A71E82 /* FiltersViewController.swift */,
				A87F47571B824D7300A71E82 /* VideosViewController.swift */,
				A87F47501B822B4000A71E82 /* VideoViewController.swift */,
				A88916A31B91EA620065E1D2 /* SuggestionsViewController.swift */,
			);
			name = "View Controllers";
			sourceTree = "<group>";
		};
		A87F47221B8211F800A71E82 /* Views */ = {
			isa = PBXGroup;
			children = (
				A87F472A1B82126400A71E82 /* FiltersView.swift */,
				A87F472B1B82126400A71E82 /* FilterView.swift */,
				A87F472C1B82126400A71E82 /* SongView.swift */,
			);
			name = Views;
			sourceTree = "<group>";
		};
		A87F47231B8211FD00A71E82 /* Models */ = {
			isa = PBXGroup;
			children = (
			);
			name = Models;
			sourceTree = "<group>";
		};
		A87F47301B82126E00A71E82 /* DB */ = {
			isa = PBXGroup;
			children = (
				A87F473F1B8212C400A71E82 /* Video.swift */,
				A8895F7F1B8E1A3F00AFC153 /* AudioFile.swift */,
			);
			name = DB;
			sourceTree = "<group>";
		};
		A87F47311B82127100A71E82 /* AV */ = {
			isa = PBXGroup;
			children = (
				A87F47521B8232DE00A71E82 /* VideoPlayer.swift */,
				A87F474C1B82137700A71E82 /* AudioPlayer.swift */,
				A87F474D1B82137700A71E82 /* Camera.swift */,
				A87F473A1B8212BB00A71E82 /* Mixer.swift */,
				A8C07C4A1B84D9AD00CB244A /* Filter.swift */,
			);
			name = AV;
			sourceTree = "<group>";
		};
		A87F47321B82129100A71E82 /* Utils */ = {
			isa = PBXGroup;
			children = (
				A8237BD61B88700F00ED8BA1 /* NetworkIndicator.swift */,
				A87F47331B8212A700A71E82 /* Downloader.swift */,
				A87F47341B8212A700A71E82 /* FileIO.swift */,
				A87F47551B8236F600A71E82 /* R.generated.swift */,
				A8F9C8001B88E34400A8244C /* Error.swift */,
				A8AE79E21B92162A009D337E /* Notificator.swift */,
			);
			name = Utils;
			sourceTree = "<group>";
		};
		A87F474B1B82131200A71E82 /* Filter Images */ = {
			isa = PBXGroup;
			children = (
				A87F47411B82130D00A71E82 /* lookup_amatorka.png */,
				A87F47421B82130D00A71E82 /* lookup_miss_etikate.png */,
				A87F47431B82130D00A71E82 /* lookup_soft_elegance_1.png */,
				A87F47441B82130D00A71E82 /* lookup_soft_elegance_2.png */,
				A87F47451B82130D00A71E82 /* lookup.png */,
			);
			name = "Filter Images";
			sourceTree = "<group>";
		};
		A8895F811B8F6B2C00AFC153 /* Fonts */ = {
			isa = PBXGroup;
			children = (
				A8895F821B8F6B3C00AFC153 /* texgyreadventor-bold.otf */,
				A8895F831B8F6B3C00AFC153 /* texgyreadventor-bolditalic.otf */,
				A8895F841B8F6B3C00AFC153 /* texgyreadventor-italic.otf */,
				A8895F851B8F6B3C00AFC153 /* texgyreadventor-regular.otf */,
			);
			name = Fonts;
			sourceTree = "<group>";
		};
		A8906B911B95DEF700E31244 /* Extensions */ = {
			isa = PBXGroup;
			children = (
				A8906B921B95DF1000E31244 /* NSError+.swift */,
			);
			name = Extensions;
			sourceTree = "<group>";
		};
		A8E7CF631B91B9E400A14374 /* API */ = {
			isa = PBXGroup;
			children = (
				A87F47391B8212BB00A71E82 /* iTunesAPI.swift */,
				A8E7CF641B91B9F700A14374 /* GoogleAPI.swift */,
			);
			name = API;
			sourceTree = "<group>";
		};
/* End PBXGroup section */

/* Begin PBXNativeTarget section */
		A87F46F91B820E9100A71E82 /* Dubbidson */ = {
			isa = PBXNativeTarget;
			buildConfigurationList = A87F47191B820E9100A71E82 /* Build configuration list for PBXNativeTarget "Dubbidson" */;
			buildPhases = (
				A87F47541B82357500A71E82 /* ShellScript */,
				F9449794A20C90B0D91074DE /* Check Pods Manifest.lock */,
				A87F46F61B820E9100A71E82 /* Sources */,
				A87F46F71B820E9100A71E82 /* Frameworks */,
				A87F46F81B820E9100A71E82 /* Resources */,
				B13BBC352EAA461CF99F0242 /* Embed Pods Frameworks */,
				36947115E6A5C8D3C7DC58AF /* Copy Pods Resources */,
			);
			buildRules = (
			);
			dependencies = (
			);
			name = Dubbidson;
			productName = Dubbidson;
			productReference = A87F46FA1B820E9100A71E82 /* Dubbidson.app */;
			productType = "com.apple.product-type.application";
		};
		A87F470E1B820E9100A71E82 /* DubbidsonTests */ = {
			isa = PBXNativeTarget;
			buildConfigurationList = A87F471C1B820E9100A71E82 /* Build configuration list for PBXNativeTarget "DubbidsonTests" */;
			buildPhases = (
				A87F470B1B820E9100A71E82 /* Sources */,
				A87F470C1B820E9100A71E82 /* Frameworks */,
				A87F470D1B820E9100A71E82 /* Resources */,
			);
			buildRules = (
			);
			dependencies = (
				A87F47111B820E9100A71E82 /* PBXTargetDependency */,
			);
			name = DubbidsonTests;
			productName = DubbidsonTests;
			productReference = A87F470F1B820E9100A71E82 /* DubbidsonTests.xctest */;
			productType = "com.apple.product-type.bundle.unit-test";
		};
/* End PBXNativeTarget section */

/* Begin PBXProject section */
		A87F46F21B820E9100A71E82 /* Project object */ = {
			isa = PBXProject;
			attributes = {
				LastUpgradeCheck = 0640;
				ORGANIZATIONNAME = matsuosh;
				TargetAttributes = {
					A87F46F91B820E9100A71E82 = {
						CreatedOnToolsVersion = 6.4;
					};
					A87F470E1B820E9100A71E82 = {
						CreatedOnToolsVersion = 6.4;
						TestTargetID = A87F46F91B820E9100A71E82;
					};
				};
			};
			buildConfigurationList = A87F46F51B820E9100A71E82 /* Build configuration list for PBXProject "Dubbidson" */;
			compatibilityVersion = "Xcode 3.2";
			developmentRegion = English;
			hasScannedForEncodings = 0;
			knownRegions = (
				en,
				Base,
			);
			mainGroup = A87F46F11B820E9100A71E82;
			productRefGroup = A87F46FB1B820E9100A71E82 /* Products */;
			projectDirPath = "";
			projectRoot = "";
			targets = (
				A87F46F91B820E9100A71E82 /* Dubbidson */,
				A87F470E1B820E9100A71E82 /* DubbidsonTests */,
			);
		};
/* End PBXProject section */

/* Begin PBXResourcesBuildPhase section */
		A87F46F81B820E9100A71E82 /* Resources */ = {
			isa = PBXResourcesBuildPhase;
			buildActionMask = 2147483647;
			files = (
				A8895F861B8F6B7E00AFC153 /* texgyreadventor-bold.otf in Resources */,
				A8895F871B8F6B7E00AFC153 /* texgyreadventor-bolditalic.otf in Resources */,
				A8895F881B8F6B7E00AFC153 /* texgyreadventor-italic.otf in Resources */,
				A8895F891B8F6B7E00AFC153 /* texgyreadventor-regular.otf in Resources */,
				A87F470A1B820E9100A71E82 /* LaunchScreen.xib in Resources */,
				A8C07C451B83812200CB244A /* Main.storyboard in Resources */,
				A87F47071B820E9100A71E82 /* Images.xcassets in Resources */,
				A87F47491B82130D00A71E82 /* lookup_soft_elegance_2.png in Resources */,
				A87F47481B82130D00A71E82 /* lookup_soft_elegance_1.png in Resources */,
				A87F47461B82130D00A71E82 /* lookup_amatorka.png in Resources */,
				A87F47471B82130D00A71E82 /* lookup_miss_etikate.png in Resources */,
				A87F474A1B82130D00A71E82 /* lookup.png in Resources */,
			);
			runOnlyForDeploymentPostprocessing = 0;
		};
		A87F470D1B820E9100A71E82 /* Resources */ = {
			isa = PBXResourcesBuildPhase;
			buildActionMask = 2147483647;
			files = (
			);
			runOnlyForDeploymentPostprocessing = 0;
		};
/* End PBXResourcesBuildPhase section */

/* Begin PBXShellScriptBuildPhase section */
		36947115E6A5C8D3C7DC58AF /* Copy Pods Resources */ = {
			isa = PBXShellScriptBuildPhase;
			buildActionMask = 2147483647;
			files = (
			);
			inputPaths = (
			);
			name = "Copy Pods Resources";
			outputPaths = (
			);
			runOnlyForDeploymentPostprocessing = 0;
			shellPath = /bin/sh;
			shellScript = "\"${SRCROOT}/Pods/Target Support Files/Pods/Pods-resources.sh\"\n";
			showEnvVarsInLog = 0;
		};
		A87F47541B82357500A71E82 /* ShellScript */ = {
			isa = PBXShellScriptBuildPhase;
			buildActionMask = 2147483647;
			files = (
			);
			inputPaths = (
			);
			outputPaths = (
			);
			runOnlyForDeploymentPostprocessing = 0;
			shellPath = /bin/sh;
			shellScript = "\"$PODS_ROOT/R.swift/rswift\" \"$SRCROOT/Dubbidson\"";
		};
		B13BBC352EAA461CF99F0242 /* Embed Pods Frameworks */ = {
			isa = PBXShellScriptBuildPhase;
			buildActionMask = 2147483647;
			files = (
			);
			inputPaths = (
			);
			name = "Embed Pods Frameworks";
			outputPaths = (
			);
			runOnlyForDeploymentPostprocessing = 0;
			shellPath = /bin/sh;
			shellScript = "\"${SRCROOT}/Pods/Target Support Files/Pods/Pods-frameworks.sh\"\n";
			showEnvVarsInLog = 0;
		};
		F9449794A20C90B0D91074DE /* Check Pods Manifest.lock */ = {
			isa = PBXShellScriptBuildPhase;
			buildActionMask = 2147483647;
			files = (
			);
			inputPaths = (
			);
			name = "Check Pods Manifest.lock";
			outputPaths = (
			);
			runOnlyForDeploymentPostprocessing = 0;
			shellPath = /bin/sh;
			shellScript = "diff \"${PODS_ROOT}/../Podfile.lock\" \"${PODS_ROOT}/Manifest.lock\" > /dev/null\nif [[ $? != 0 ]] ; then\n    cat << EOM\nerror: The sandbox is not in sync with the Podfile.lock. Run 'pod install' or update your CocoaPods installation.\nEOM\n    exit 1\nfi\n";
			showEnvVarsInLog = 0;
		};
/* End PBXShellScriptBuildPhase section */

/* Begin PBXSourcesBuildPhase section */
		A87F46F61B820E9100A71E82 /* Sources */ = {
			isa = PBXSourcesBuildPhase;
			buildActionMask = 2147483647;
			files = (
				A8C07C4B1B84D9AD00CB244A /* Filter.swift in Sources */,
				A87F474F1B82137700A71E82 /* Camera.swift in Sources */,
				A87F47281B82125300A71E82 /* RecordViewController.swift in Sources */,
				A87F473E1B8212BB00A71E82 /* Mixer.swift in Sources */,
				A87F474E1B82137700A71E82 /* AudioPlayer.swift in Sources */,
				A8906B931B95DF1000E31244 /* NSError+.swift in Sources */,
				A87F47291B82125300A71E82 /* SongsViewController.swift in Sources */,
				A87F47561B8236F600A71E82 /* R.generated.swift in Sources */,
				A87F47351B8212A700A71E82 /* Downloader.swift in Sources */,
				A87F47401B8212C400A71E82 /* Video.swift in Sources */,
				A87F47531B8232DE00A71E82 /* VideoPlayer.swift in Sources */,
				A87F47581B824D7300A71E82 /* VideosViewController.swift in Sources */,
				A87F47511B822B4000A71E82 /* VideoViewController.swift in Sources */,
				A8237BD71B88700F00ED8BA1 /* NetworkIndicator.swift in Sources */,
				A87F47271B82125300A71E82 /* FiltersViewController.swift in Sources */,
				A87F472F1B82126400A71E82 /* SongView.swift in Sources */,
				A87F47001B820E9100A71E82 /* AppDelegate.swift in Sources */,
				A87F473D1B8212BB00A71E82 /* iTunesAPI.swift in Sources */,
				A87F47361B8212A700A71E82 /* FileIO.swift in Sources */,
				A8E7CF651B91B9F700A14374 /* GoogleAPI.swift in Sources */,
				A87F472E1B82126400A71E82 /* FilterView.swift in Sources */,
				A88916A41B91EA620065E1D2 /* SuggestionsViewController.swift in Sources */,
				A8895F801B8E1A3F00AFC153 /* AudioFile.swift in Sources */,
				A8F9C8011B88E34400A8244C /* Error.swift in Sources */,
				A8AE79E31B92162A009D337E /* Notificator.swift in Sources */,
				A87F472D1B82126400A71E82 /* FiltersView.swift in Sources */,
			);
			runOnlyForDeploymentPostprocessing = 0;
		};
		A87F470B1B820E9100A71E82 /* Sources */ = {
			isa = PBXSourcesBuildPhase;
			buildActionMask = 2147483647;
			files = (
				A87F47161B820E9100A71E82 /* DubbidsonTests.swift in Sources */,
			);
			runOnlyForDeploymentPostprocessing = 0;
		};
/* End PBXSourcesBuildPhase section */

/* Begin PBXTargetDependency section */
		A87F47111B820E9100A71E82 /* PBXTargetDependency */ = {
			isa = PBXTargetDependency;
			target = A87F46F91B820E9100A71E82 /* Dubbidson */;
			targetProxy = A87F47101B820E9100A71E82 /* PBXContainerItemProxy */;
		};
/* End PBXTargetDependency section */

/* Begin PBXVariantGroup section */
		A87F47081B820E9100A71E82 /* LaunchScreen.xib */ = {
			isa = PBXVariantGroup;
			children = (
				A87F47091B820E9100A71E82 /* Base */,
			);
			name = LaunchScreen.xib;
			sourceTree = "<group>";
		};
/* End PBXVariantGroup section */

/* Begin XCBuildConfiguration section */
		A87F47171B820E9100A71E82 /* Debug */ = {
			isa = XCBuildConfiguration;
			buildSettings = {
				ALWAYS_SEARCH_USER_PATHS = NO;
				CLANG_CXX_LANGUAGE_STANDARD = "gnu++0x";
				CLANG_CXX_LIBRARY = "libc++";
				CLANG_ENABLE_MODULES = YES;
				CLANG_ENABLE_OBJC_ARC = YES;
				CLANG_WARN_BOOL_CONVERSION = YES;
				CLANG_WARN_CONSTANT_CONVERSION = YES;
				CLANG_WARN_DIRECT_OBJC_ISA_USAGE = YES_ERROR;
				CLANG_WARN_EMPTY_BODY = YES;
				CLANG_WARN_ENUM_CONVERSION = YES;
				CLANG_WARN_INT_CONVERSION = YES;
				CLANG_WARN_OBJC_ROOT_CLASS = YES_ERROR;
				CLANG_WARN_UNREACHABLE_CODE = YES;
				CLANG_WARN__DUPLICATE_METHOD_MATCH = YES;
				"CODE_SIGN_IDENTITY[sdk=iphoneos*]" = "iPhone Developer";
				COPY_PHASE_STRIP = NO;
				DEBUG_INFORMATION_FORMAT = "dwarf-with-dsym";
				ENABLE_STRICT_OBJC_MSGSEND = YES;
				GCC_C_LANGUAGE_STANDARD = gnu99;
				GCC_DYNAMIC_NO_PIC = NO;
				GCC_NO_COMMON_BLOCKS = YES;
				GCC_OPTIMIZATION_LEVEL = 0;
				GCC_PREPROCESSOR_DEFINITIONS = (
					"DEBUG=1",
					"$(inherited)",
				);
				GCC_SYMBOLS_PRIVATE_EXTERN = NO;
				GCC_WARN_64_TO_32_BIT_CONVERSION = YES;
				GCC_WARN_ABOUT_RETURN_TYPE = YES_ERROR;
				GCC_WARN_UNDECLARED_SELECTOR = YES;
				GCC_WARN_UNINITIALIZED_AUTOS = YES_AGGRESSIVE;
				GCC_WARN_UNUSED_FUNCTION = YES;
				GCC_WARN_UNUSED_VARIABLE = YES;
				IPHONEOS_DEPLOYMENT_TARGET = 8.4;
				MTL_ENABLE_DEBUG_INFO = YES;
				ONLY_ACTIVE_ARCH = YES;
				SDKROOT = iphoneos;
				SWIFT_OPTIMIZATION_LEVEL = "-Onone";
			};
			name = Debug;
		};
		A87F47181B820E9100A71E82 /* Release */ = {
			isa = XCBuildConfiguration;
			buildSettings = {
				ALWAYS_SEARCH_USER_PATHS = NO;
				CLANG_CXX_LANGUAGE_STANDARD = "gnu++0x";
				CLANG_CXX_LIBRARY = "libc++";
				CLANG_ENABLE_MODULES = YES;
				CLANG_ENABLE_OBJC_ARC = YES;
				CLANG_WARN_BOOL_CONVERSION = YES;
				CLANG_WARN_CONSTANT_CONVERSION = YES;
				CLANG_WARN_DIRECT_OBJC_ISA_USAGE = YES_ERROR;
				CLANG_WARN_EMPTY_BODY = YES;
				CLANG_WARN_ENUM_CONVERSION = YES;
				CLANG_WARN_INT_CONVERSION = YES;
				CLANG_WARN_OBJC_ROOT_CLASS = YES_ERROR;
				CLANG_WARN_UNREACHABLE_CODE = YES;
				CLANG_WARN__DUPLICATE_METHOD_MATCH = YES;
				"CODE_SIGN_IDENTITY[sdk=iphoneos*]" = "iPhone Developer";
				COPY_PHASE_STRIP = NO;
				DEBUG_INFORMATION_FORMAT = "dwarf-with-dsym";
				ENABLE_NS_ASSERTIONS = NO;
				ENABLE_STRICT_OBJC_MSGSEND = YES;
				GCC_C_LANGUAGE_STANDARD = gnu99;
				GCC_NO_COMMON_BLOCKS = YES;
				GCC_WARN_64_TO_32_BIT_CONVERSION = YES;
				GCC_WARN_ABOUT_RETURN_TYPE = YES_ERROR;
				GCC_WARN_UNDECLARED_SELECTOR = YES;
				GCC_WARN_UNINITIALIZED_AUTOS = YES_AGGRESSIVE;
				GCC_WARN_UNUSED_FUNCTION = YES;
				GCC_WARN_UNUSED_VARIABLE = YES;
				IPHONEOS_DEPLOYMENT_TARGET = 8.4;
				MTL_ENABLE_DEBUG_INFO = NO;
				SDKROOT = iphoneos;
				VALIDATE_PRODUCT = YES;
			};
			name = Release;
		};
		A87F471A1B820E9100A71E82 /* Debug */ = {
			isa = XCBuildConfiguration;
			baseConfigurationReference = 4AF7E5E89765120C201C4C07 /* Pods.debug.xcconfig */;
			buildSettings = {
				ASSETCATALOG_COMPILER_APPICON_NAME = AppIcon;
				INFOPLIST_FILE = Dubbidson/Info.plist;
				LD_RUNPATH_SEARCH_PATHS = "$(inherited) @executable_path/Frameworks";
				PRODUCT_NAME = "$(TARGET_NAME)";
			};
			name = Debug;
		};
		A87F471B1B820E9100A71E82 /* Release */ = {
			isa = XCBuildConfiguration;
			baseConfigurationReference = F6335BED45FD80631594E4CB /* Pods.release.xcconfig */;
			buildSettings = {
				ASSETCATALOG_COMPILER_APPICON_NAME = AppIcon;
				INFOPLIST_FILE = Dubbidson/Info.plist;
				LD_RUNPATH_SEARCH_PATHS = "$(inherited) @executable_path/Frameworks";
				PRODUCT_NAME = "$(TARGET_NAME)";
			};
			name = Release;
		};
		A87F471D1B820E9100A71E82 /* Debug */ = {
			isa = XCBuildConfiguration;
			buildSettings = {
				BUNDLE_LOADER = "$(TEST_HOST)";
				FRAMEWORK_SEARCH_PATHS = (
					"$(SDKROOT)/Developer/Library/Frameworks",
					"$(inherited)",
				);
				GCC_PREPROCESSOR_DEFINITIONS = (
					"DEBUG=1",
					"$(inherited)",
				);
				INFOPLIST_FILE = DubbidsonTests/Info.plist;
				LD_RUNPATH_SEARCH_PATHS = "$(inherited) @executable_path/Frameworks @loader_path/Frameworks";
				PRODUCT_NAME = "$(TARGET_NAME)";
				TEST_HOST = "$(BUILT_PRODUCTS_DIR)/Dubbidson.app/Dubbidson";
			};
			name = Debug;
		};
		A87F471E1B820E9100A71E82 /* Release */ = {
			isa = XCBuildConfiguration;
			buildSettings = {
				BUNDLE_LOADER = "$(TEST_HOST)";
				FRAMEWORK_SEARCH_PATHS = (
					"$(SDKROOT)/Developer/Library/Frameworks",
					"$(inherited)",
				);
				INFOPLIST_FILE = DubbidsonTests/Info.plist;
				LD_RUNPATH_SEARCH_PATHS = "$(inherited) @executable_path/Frameworks @loader_path/Frameworks";
				PRODUCT_NAME = "$(TARGET_NAME)";
				TEST_HOST = "$(BUILT_PRODUCTS_DIR)/Dubbidson.app/Dubbidson";
			};
			name = Release;
		};
/* End XCBuildConfiguration section */

/* Begin XCConfigurationList section */
		A87F46F51B820E9100A71E82 /* Build configuration list for PBXProject "Dubbidson" */ = {
			isa = XCConfigurationList;
			buildConfigurations = (
				A87F47171B820E9100A71E82 /* Debug */,
				A87F47181B820E9100A71E82 /* Release */,
			);
			defaultConfigurationIsVisible = 0;
			defaultConfigurationName = Release;
		};
		A87F47191B820E9100A71E82 /* Build configuration list for PBXNativeTarget "Dubbidson" */ = {
			isa = XCConfigurationList;
			buildConfigurations = (
				A87F471A1B820E9100A71E82 /* Debug */,
				A87F471B1B820E9100A71E82 /* Release */,
			);
			defaultConfigurationIsVisible = 0;
			defaultConfigurationName = Release;
		};
		A87F471C1B820E9100A71E82 /* Build configuration list for PBXNativeTarget "DubbidsonTests" */ = {
			isa = XCConfigurationList;
			buildConfigurations = (
				A87F471D1B820E9100A71E82 /* Debug */,
				A87F471E1B820E9100A71E82 /* Release */,
			);
			defaultConfigurationIsVisible = 0;
			defaultConfigurationName = Release;
		};
/* End XCConfigurationList section */
	};
	rootObject = A87F46F21B820E9100A71E82 /* Project object */;
}
